github.com/epikur-io/go-lua v1.0.1 h1:VnPedn+NSrCvdPNjJmoMZH0EEPbksCrixnjQNDADXfo=
github.com/epikur-io/go-lua v1.0.1/go.mod h1:ekHEHXsZfkeoSJyP2bsAXekVkGWljD5WKJbiQX5kyQ4=
github.com/yuin/gopher-lua v1.1.1 h1:kYKnWBjvbNP4XLT3+bPEwAXJx262OhaHDWDVOPjL46M=
github.com/yuin/gopher-lua v1.1.1/go.mod h1:GBR0iDaNXjAgGg9zfCvksxSRnQx76gclCIb7kdAd1Pw=
